{
  "name": "bar-asset-generator",
  "version": "1.0.0",
  "lockfileVersion": 3,
  "requires": true,
  "packages": {
    "": {
      "name": "bar-asset-generator",
      "version": "1.0.0",
      "dependencies": {
        "@babylonjs/core": "^7.0.0",
        "@babylonjs/serializers": "^7.0.0"
      }
    },
    "node_modules/@babylonjs/core": {
      "version": "7.54.3",
      "resolved": "https://registry.npmjs.org/@babylonjs/core/-/core-7.54.3.tgz",
      "integrity": "sha512-P5ncXVd8GEUJLhwloP9V0oVwQYIrvZztguVeLlvd5Rx+9aQnenKjpV8auJ6SRsUlAmNZU4pFTKzwF6o2EUfhAw==",
      "license": "Apache-2.0"
    },
    "node_modules/@babylonjs/serializers": {
      "version": "7.54.3",
      "resolved": "https://registry.npmjs.org/@babylonjs/serializers/-/serializers-7.54.3.tgz",
      "integrity": "sha512-G5s2VO/90ibU4uRVeB+4dVByNlKvDLb+gOk9P1hxBz000b3ZEwtNCKNyWbXaQOYHp6ktXXrwl8hgi03DS72gAg==",
      "license": "Apache-2.0",
      "peerDependencies": {
        "@babylonjs/core": "^7.0.0",
        "babylonjs-gltf2interface": "^7.0.0"
      }
    },
    "node_modules/babylonjs-gltf2interface": {
      "version": "7.54.3",
      "resolved": "https://registry.npmjs.org/babylonjs-gltf2interface/-/babylonjs-gltf2interface-7.54.3.tgz",
      "integrity": "sha512-ZAWYFyE+SOczfWT19O4e3YRkCZ5i57SiD2eK2kqc+Tow/t9X1S45xgSFNuHZff++dd5BlVIEQDSnFV+McFLSnQ==",
      "license": "Apache-2.0",
      "peer": true
    }
  }
}
